
Microsoft Visual Studio Solution File, Format Version 12.00
# Visual Studio Version 17
VisualStudioVersion = 17.14.36414.22 d17.14
MinimumVisualStudioVersion = 10.0.40219.1
Project("{FAE04EC0-301F-11D3-BF4B-00C04F79EFBC}") = "BackendEcommerce", "BackendEcommerce\BackendEcommerce.csproj", "{933E987C-495F-4757-AE80-124C23C0A00E}"
EndProject
Global
	GlobalSection(SolutionConfigurationPlatforms) = preSolution
		Debug|Any CPU = Debug|Any CPU
		Release|Any CPU = Release|Any CPU
	EndGlobalSection
	GlobalSection(ProjectConfigurationPlatforms) = postSolution
		{933E987C-495F-4757-AE80-124C23C0A00E}.Debug|Any CPU.ActiveCfg = Debug|Any CPU
		{933E987C-495F-4757-AE80-124C23C0A00E}.Debug|Any CPU.Build.0 = Debug|Any CPU
		{933E987C-495F-4757-AE80-124C23C0A00E}.Release|Any CPU.ActiveCfg = Release|Any CPU
		{933E987C-495F-4757-AE80-124C23C0A00E}.Release|Any CPU.Build.0 = Release|Any CPU
	EndGlobalSection
	GlobalSection(SolutionProperties) = preSolution
		HideSolutionNode = FALSE
	EndGlobalSection
	GlobalSection(ExtensibilityGlobals) = postSolution
		SolutionGuid = {02F7FCBB-2E5F-4447-8482-EB29B0EF3944}
	EndGlobalSection
EndGlobal
